
Microsoft Visual Studio Solution File, Format Version 12.00
# Visual Studio Version 17
VisualStudioVersion = 17.1.32328.378
MinimumVisualStudioVersion = 10.0.40219.1
Project("{FAE04EC0-301F-11D3-BF4B-00C04F79EFBC}") = "Quest", "Quest\Quest.csproj", "{283C1487-CF7F-4984-9874-703432A95486}"
EndProject
Global
	GlobalSection(SolutionConfigurationPlatforms) = preSolution
		Debug|Any CPU = Debug|Any CPU
		Release|Any CPU = Release|Any CPU
	EndGlobalSection
	GlobalSection(ProjectConfigurationPlatforms) = postSolution
		{283C1487-CF7F-4984-9874-703432A95486}.Debug|Any CPU.ActiveCfg = Debug|Any CPU
		{283C1487-CF7F-4984-9874-703432A95486}.Debug|Any CPU.Build.0 = Debug|Any CPU
		{283C1487-CF7F-4984-9874-703432A95486}.Release|Any CPU.ActiveCfg = Release|Any CPU
		{283C1487-CF7F-4984-9874-703432A95486}.Release|Any CPU.Build.0 = Release|Any CPU
	EndGlobalSection
	GlobalSection(SolutionProperties) = preSolution
		HideSolutionNode = FALSE
	EndGlobalSection
	GlobalSection(ExtensibilityGlobals) = postSolution
		SolutionGuid = {0E2F150D-5771-4062-825C-FBE263E4965D}
	EndGlobalSection
EndGlobal
